
Microsoft Visual Studio Solution File, Format Version 12.00
# Visual Studio Version 17
VisualStudioVersion = 17.8.34309.116
MinimumVisualStudioVersion = 10.0.40219.1
Project("{FAE04EC0-301F-11D3-BF4B-00C04F79EFBC}") = "TqdmSharp", "TqdmSharp.csproj", "{EC3BFD4F-4A34-479F-85F6-86F177ABFDDF}"
EndProject
Global
	GlobalSection(SolutionConfigurationPlatforms) = preSolution
		Debug|Any CPU = Debug|Any CPU
		Release|Any CPU = Release|Any CPU
	EndGlobalSection
	GlobalSection(ProjectConfigurationPlatforms) = postSolution
		{EC3BFD4F-4A34-479F-85F6-86F177ABFDDF}.Debug|Any CPU.ActiveCfg = Debug|Any CPU
		{EC3BFD4F-4A34-479F-85F6-86F177ABFDDF}.Debug|Any CPU.Build.0 = Debug|Any CPU
		{EC3BFD4F-4A34-479F-85F6-86F177ABFDDF}.Release|Any CPU.ActiveCfg = Release|Any CPU
		{EC3BFD4F-4A34-479F-85F6-86F177ABFDDF}.Release|Any CPU.Build.0 = Release|Any CPU
	EndGlobalSection
	GlobalSection(SolutionProperties) = preSolution
		HideSolutionNode = FALSE
	EndGlobalSection
	GlobalSection(ExtensibilityGlobals) = postSolution
		SolutionGuid = {92FD80BE-6E07-4271-927B-4CDBBA418127}
	EndGlobalSection
EndGlobal
